
Microsoft Visual Studio Solution File, Format Version 12.00
# Visual Studio Version 16
VisualStudioVersion = 16.0.31313.79
MinimumVisualStudioVersion = 10.0.40219.1
Project("{FAE04EC0-301F-11D3-BF4B-00C04F79EFBC}") = "Logger", "Logger\Logger.csproj", "{139264FA-B3F7-48D5-874B-CC536EB5AE3F}"
EndProject
Global
	GlobalSection(SolutionConfigurationPlatforms) = preSolution
		Debug|Any CPU = Debug|Any CPU
		Release|Any CPU = Release|Any CPU
	EndGlobalSection
	GlobalSection(ProjectConfigurationPlatforms) = postSolution
		{139264FA-B3F7-48D5-874B-CC536EB5AE3F}.Debug|Any CPU.ActiveCfg = Debug|Any CPU
		{139264FA-B3F7-48D5-874B-CC536EB5AE3F}.Debug|Any CPU.Build.0 = Debug|Any CPU
		{139264FA-B3F7-48D5-874B-CC536EB5AE3F}.Release|Any CPU.ActiveCfg = Release|Any CPU
		{139264FA-B3F7-48D5-874B-CC536EB5AE3F}.Release|Any CPU.Build.0 = Release|Any CPU
	EndGlobalSection
	GlobalSection(SolutionProperties) = preSolution
		HideSolutionNode = FALSE
	EndGlobalSection
	GlobalSection(ExtensibilityGlobals) = postSolution
		SolutionGuid = {7660B6C9-8782-43E5-AB6D-E180DB69A856}
	EndGlobalSection
EndGlobal
