
Microsoft Visual Studio Solution File, Format Version 12.00
# Visual Studio Version 16
VisualStudioVersion = 16.0.31313.79
MinimumVisualStudioVersion = 10.0.40219.1
Project("{FAE04EC0-301F-11D3-BF4B-00C04F79EFBC}") = "IEnum", "IEnum\IEnum.csproj", "{8B9E0033-55AC-4D6E-8F42-3976FBC257B2}"
EndProject
Global
	GlobalSection(SolutionConfigurationPlatforms) = preSolution
		Debug|Any CPU = Debug|Any CPU
		Release|Any CPU = Release|Any CPU
	EndGlobalSection
	GlobalSection(ProjectConfigurationPlatforms) = postSolution
		{8B9E0033-55AC-4D6E-8F42-3976FBC257B2}.Debug|Any CPU.ActiveCfg = Debug|Any CPU
		{8B9E0033-55AC-4D6E-8F42-3976FBC257B2}.Debug|Any CPU.Build.0 = Debug|Any CPU
		{8B9E0033-55AC-4D6E-8F42-3976FBC257B2}.Release|Any CPU.ActiveCfg = Release|Any CPU
		{8B9E0033-55AC-4D6E-8F42-3976FBC257B2}.Release|Any CPU.Build.0 = Release|Any CPU
	EndGlobalSection
	GlobalSection(SolutionProperties) = preSolution
		HideSolutionNode = FALSE
	EndGlobalSection
	GlobalSection(ExtensibilityGlobals) = postSolution
		SolutionGuid = {78757C52-4016-46B3-AA55-41386F29F035}
	EndGlobalSection
EndGlobal
